
Microsoft Visual Studio Solution File, Format Version 12.00
# Visual Studio Version 17
VisualStudioVersion = 17.6.33829.357
MinimumVisualStudioVersion = 10.0.40219.1
Project("{9A19103F-16F7-4668-BE54-9A1E7A4F7556}") = "SuperPassword", "SuperPassword\SuperPassword.csproj", "{6F5880E7-19F7-4FB1-848C-08094C57701C}"
EndProject
Project("{2150E333-8FDC-42A3-9474-1A3956D46DE8}") = "Solution Items", "Solution Items", "{159BBD62-52E7-428C-B3C8-F289B96BF8B4}"
	ProjectSection(SolutionItems) = preProject
		.editorconfig = .editorconfig
	EndProjectSection
EndProject
Project("{9A19103F-16F7-4668-BE54-9A1E7A4F7556}") = "SuperPassword.BLL", "SuperPassword.BLL\SuperPassword.BLL.csproj", "{407F9083-F529-4D11-BA73-57C8927AFF10}"
	ProjectSection(ProjectDependencies) = postProject
		{E0393C2B-B2C4-4033-BF40-B530A3D34231} = {E0393C2B-B2C4-4033-BF40-B530A3D34231}
	EndProjectSection
EndProject
Project("{9A19103F-16F7-4668-BE54-9A1E7A4F7556}") = "SuperPassword.DAL", "SuperPassword.DAL\SuperPassword.DAL.csproj", "{E0393C2B-B2C4-4033-BF40-B530A3D34231}"
	ProjectSection(ProjectDependencies) = postProject
		{4532A3CC-1903-49C8-A20A-8C1F4C4C9A58} = {4532A3CC-1903-49C8-A20A-8C1F4C4C9A58}
	EndProjectSection
EndProject
Project("{9A19103F-16F7-4668-BE54-9A1E7A4F7556}") = "SuperPassword.Entity", "SuperPassword.Entity\SuperPassword.Entity.csproj", "{4532A3CC-1903-49C8-A20A-8C1F4C4C9A58}"
EndProject
Project("{9A19103F-16F7-4668-BE54-9A1E7A4F7556}") = "SuperPassword.Security", "SuperPassword.Security\SuperPassword.Security.csproj", "{4065B232-D05C-4D72-8FDB-74EF639BB8F5}"
EndProject
Project("{9A19103F-16F7-4668-BE54-9A1E7A4F7556}") = "SuperPassword.Config", "SuperPassword.Setting\SuperPassword.Config.csproj", "{D265BF62-30A4-4078-8B54-FC430BF34608}"
EndProject
Global
	GlobalSection(SolutionConfigurationPlatforms) = preSolution
		Debug|Any CPU = Debug|Any CPU
		Release|Any CPU = Release|Any CPU
	EndGlobalSection
	GlobalSection(ProjectConfigurationPlatforms) = postSolution
		{6F5880E7-19F7-4FB1-848C-08094C57701C}.Debug|Any CPU.ActiveCfg = Debug|Any CPU
		{6F5880E7-19F7-4FB1-848C-08094C57701C}.Debug|Any CPU.Build.0 = Debug|Any CPU
		{6F5880E7-19F7-4FB1-848C-08094C57701C}.Release|Any CPU.ActiveCfg = Release|Any CPU
		{6F5880E7-19F7-4FB1-848C-08094C57701C}.Release|Any CPU.Build.0 = Release|Any CPU
		{407F9083-F529-4D11-BA73-57C8927AFF10}.Debug|Any CPU.ActiveCfg = Debug|Any CPU
		{407F9083-F529-4D11-BA73-57C8927AFF10}.Debug|Any CPU.Build.0 = Debug|Any CPU
		{407F9083-F529-4D11-BA73-57C8927AFF10}.Release|Any CPU.ActiveCfg = Release|Any CPU
		{407F9083-F529-4D11-BA73-57C8927AFF10}.Release|Any CPU.Build.0 = Release|Any CPU
		{E0393C2B-B2C4-4033-BF40-B530A3D34231}.Debug|Any CPU.ActiveCfg = Debug|Any CPU
		{E0393C2B-B2C4-4033-BF40-B530A3D34231}.Debug|Any CPU.Build.0 = Debug|Any CPU
		{E0393C2B-B2C4-4033-BF40-B530A3D34231}.Release|Any CPU.ActiveCfg = Release|Any CPU
		{E0393C2B-B2C4-4033-BF40-B530A3D34231}.Release|Any CPU.Build.0 = Release|Any CPU
		{4532A3CC-1903-49C8-A20A-8C1F4C4C9A58}.Debug|Any CPU.ActiveCfg = Debug|Any CPU
		{4532A3CC-1903-49C8-A20A-8C1F4C4C9A58}.Debug|Any CPU.Build.0 = Debug|Any CPU
		{4532A3CC-1903-49C8-A20A-8C1F4C4C9A58}.Release|Any CPU.ActiveCfg = Release|Any CPU
		{4532A3CC-1903-49C8-A20A-8C1F4C4C9A58}.Release|Any CPU.Build.0 = Release|Any CPU
		{4065B232-D05C-4D72-8FDB-74EF639BB8F5}.Debug|Any CPU.ActiveCfg = Debug|Any CPU
		{4065B232-D05C-4D72-8FDB-74EF639BB8F5}.Debug|Any CPU.Build.0 = Debug|Any CPU
		{4065B232-D05C-4D72-8FDB-74EF639BB8F5}.Release|Any CPU.ActiveCfg = Release|Any CPU
		{4065B232-D05C-4D72-8FDB-74EF639BB8F5}.Release|Any CPU.Build.0 = Release|Any CPU
		{D265BF62-30A4-4078-8B54-FC430BF34608}.Debug|Any CPU.ActiveCfg = Debug|Any CPU
		{D265BF62-30A4-4078-8B54-FC430BF34608}.Debug|Any CPU.Build.0 = Debug|Any CPU
		{D265BF62-30A4-4078-8B54-FC430BF34608}.Release|Any CPU.ActiveCfg = Release|Any CPU
		{D265BF62-30A4-4078-8B54-FC430BF34608}.Release|Any CPU.Build.0 = Release|Any CPU
	EndGlobalSection
	GlobalSection(SolutionProperties) = preSolution
		HideSolutionNode = FALSE
	EndGlobalSection
	GlobalSection(ExtensibilityGlobals) = postSolution
		SolutionGuid = {AF621426-8494-4DE1-985A-57AB25DA7D11}
	EndGlobalSection
EndGlobal
