
Microsoft Visual Studio Solution File, Format Version 12.00
# Visual Studio Version 17
VisualStudioVersion = 17.6.33829.357
MinimumVisualStudioVersion = 10.0.40219.1
Project("{FAE04EC0-301F-11D3-BF4B-00C04F79EFBC}") = "SuperPassword", "SuperPassword\SuperPassword.csproj", "{6F5880E7-19F7-4FB1-848C-08094C57701C}"
EndProject
Global
	GlobalSection(SolutionConfigurationPlatforms) = preSolution
		Debug|Any CPU = Debug|Any CPU
		Release|Any CPU = Release|Any CPU
	EndGlobalSection
	GlobalSection(ProjectConfigurationPlatforms) = postSolution
		{6F5880E7-19F7-4FB1-848C-08094C57701C}.Debug|Any CPU.ActiveCfg = Debug|Any CPU
		{6F5880E7-19F7-4FB1-848C-08094C57701C}.Debug|Any CPU.Build.0 = Debug|Any CPU
		{6F5880E7-19F7-4FB1-848C-08094C57701C}.Release|Any CPU.ActiveCfg = Release|Any CPU
		{6F5880E7-19F7-4FB1-848C-08094C57701C}.Release|Any CPU.Build.0 = Release|Any CPU
	EndGlobalSection
	GlobalSection(SolutionProperties) = preSolution
		HideSolutionNode = FALSE
	EndGlobalSection
	GlobalSection(ExtensibilityGlobals) = postSolution
		SolutionGuid = {AF621426-8494-4DE1-985A-57AB25DA7D11}
	EndGlobalSection
EndGlobal
